
Microsoft Visual Studio Solution File, Format Version 12.00
# Visual Studio Version 17
VisualStudioVersion = 17.14.36623.8 d17.14
MinimumVisualStudioVersion = 10.0.40219.1
Project("{FAE04EC0-301F-11D3-BF4B-00C04F79EFBC}") = "Team2_EarthquakeAlertApp", "Team2_EarthquakeAlertApp\Team2_EarthquakeAlertApp.csproj", "{C149446F-52C8-4375-A69F-65F33F4B1392}"
EndProject
Global
	GlobalSection(SolutionConfigurationPlatforms) = preSolution
		Debug|Any CPU = Debug|Any CPU
		Release|Any CPU = Release|Any CPU
	EndGlobalSection
	GlobalSection(ProjectConfigurationPlatforms) = postSolution
		{C149446F-52C8-4375-A69F-65F33F4B1392}.Debug|Any CPU.ActiveCfg = Debug|Any CPU
		{C149446F-52C8-4375-A69F-65F33F4B1392}.Debug|Any CPU.Build.0 = Debug|Any CPU
		{C149446F-52C8-4375-A69F-65F33F4B1392}.Release|Any CPU.ActiveCfg = Release|Any CPU
		{C149446F-52C8-4375-A69F-65F33F4B1392}.Release|Any CPU.Build.0 = Release|Any CPU
	EndGlobalSection
	GlobalSection(SolutionProperties) = preSolution
		HideSolutionNode = FALSE
	EndGlobalSection
	GlobalSection(ExtensibilityGlobals) = postSolution
		SolutionGuid = {501E341A-A923-4AC3-8A5E-BFA930BAEC56}
	EndGlobalSection
EndGlobal
